<?xml version="1.0" encoding="utf-8"?>
<Project ToolsVersion="17.0" xmlns="http://schemas.microsoft.com/developer/msbuild/2003">
  <ItemGroup>
    <ClInclude Include="C:\Dev\glfw-no-api\core\include\core\aabb.hpp">
      <Filter>Header Files</Filter>
    </ClInclude>
    <ClInclude Include="C:\Dev\glfw-no-api\core\include\core\camera\OrbitCamera3D.hpp">
      <Filter>Header Files</Filter>
    </ClInclude>
  </ItemGroup>
  <ItemGroup>
    <CustomBuild Include="C:\Dev\glfw-no-api\CMakeLists.txt" />
  </ItemGroup>
  <ItemGroup>
    <Filter Include="Header Files">
      <UniqueIdentifier>{1C3B1BE1-6345-3E72-ADE0-AC05B1A923B6}</UniqueIdentifier>
    </Filter>
  </ItemGroup>
</Project>
